{
  "version": 2,
  "dependencies": {
    "net10.0": {
      "AutoFixture.AutoMoq": {
        "type": "Direct",
        "requested": "[4.18.1, )",
        "resolved": "4.18.1",
        "contentHash": "5mG4BdhamHBJGDKNdH5p0o1GIqbNCDqq+4Ny4csnYpzZPYjkfT5xOXLyhkvpF8EgK3GN5o4HMclEe2rhQVr1jQ==",
        "dependencies": {
          "AutoFixture": "4.18.1",
          "Moq": "[4.7.0, 5.0.0)"
        }
      },
      "coverlet.collector": {
        "type": "Direct",
        "requested": "[10.1.0, )",
        "resolved": "10.1.0",
        "contentHash": "SlYCIHnBYxINSUpR75SiM5JEmnx11pqT+Ac/C/fUqTTA0dLPl9eYzmFXKKuxmQhL3ZdTQl4PBD3YdAxAauaKLQ=="
      },
      "FluentAssertions": {
        "type": "Direct",
        "requested": "[8.10.0, )",
        "resolved": "8.10.0",
        "contentHash": "yGvv+xp0gHFgGwhQcGoDdKIrhLhPi3zYYWWLLHPMctr+G6PWD7QH8L4wqoa5WRZquPbfSV/cP1MraI7ppAHrWw=="
      },
      "Microsoft.NET.Test.Sdk": {
        "type": "Direct",
        "requested": "[18.10.1, )",
        "resolved": "18.10.1",
        "contentHash": "SxCFvJE/2ltUQgCgv6+Ixagohw4sZc9hM7Wid2foaNM7paBscktoHLoRDz91fW8wbHG87Rg9Ku59/8PXumqUrA==",
        "dependencies": {
          "Microsoft.CodeCoverage": "18.10.1",
          "Microsoft.TestPlatform.TestHost": "18.10.1"
        }
      },
      "MSTest.TestAdapter": {
        "type": "Direct",
        "requested": "[4.4.1, )",
        "resolved": "4.4.1",
        "contentHash": "UmeQj3uPc+R/Vu1pEHN6ZLQAsUlzCx9BkGH6HOQLILQFjjsFELettj1naMKJhKYyouSXiZum3shUeAF4QqyixA==",
        "dependencies": {
          "MSTest.TestFramework": "4.4.1",
          "Microsoft.TestPlatform.ObjectModel": "18.9.0",
          "Microsoft.Testing.Extensions.Telemetry": "2.4.1",
          "Microsoft.Testing.Extensions.TrxReport.Abstractions": "2.4.1",
          "Microsoft.Testing.Platform.MSBuild": "2.4.1"
        }
      },
      "MSTest.TestFramework": {
        "type": "Direct",
        "requested": "[4.4.1, )",
        "resolved": "4.4.1",
        "contentHash": "zHyMqhT9A1qihb0S6qyFFEYze0GWC6FzkdoFqUYlSg89fIs/A/KQBWlkM0JNb43fKDskQU2OuFNKZFuXzRCvYg==",
        "dependencies": {
          "MSTest.Analyzers": "4.4.1"
        }
      },
      "AutoFixture": {
        "type": "Transitive",
        "resolved": "4.18.1",
        "contentHash": "BmWZDY4fkrYOyd5/CTBOeXbzsNwV8kI4kDi/Ty1Y5F+WDHBVKxzfWlBE4RSicvZ+EOi2XDaN5uwdrHsItLW6Kw==",
        "dependencies": {
          "Fare": "[2.1.1, 3.0.0)"
        }
      },
      "Azure.Core": {
        "type": "Transitive",
        "resolved": "1.60.0",
        "contentHash": "qCa5DLAq0w14aTl9/bvMZNA/QxPzYj1a4zakrpeudxWd4D4YliRHRfccD3yFECeHkMkvQjMmyWLggb8bzhDVKA==",
        "dependencies": {
          "Microsoft.Bcl.AsyncInterfaces": "10.0.9",
          "Microsoft.Extensions.Configuration.Abstractions": "10.0.9",
          "Microsoft.Extensions.Hosting.Abstractions": "10.0.9",
          "Microsoft.Identity.Client": "4.84.2",
          "Microsoft.Identity.Client.Extensions.Msal": "4.84.2",
          "System.ClientModel": "1.14.0",
          "System.Memory.Data": "10.0.9"
        }
      },
      "Azure.Storage.Common": {
        "type": "Transitive",
        "resolved": "12.29.0",
        "contentHash": "0VqPcAinzXFJDAELqC+VPFUL6AaU1mmIpDAHarr7DVw3zcJrlo4k3Xc3TCTVBkDgY6YUOjJ00Fd9ZB9En5H2Jg==",
        "dependencies": {
          "Azure.Core": "1.60.0",
          "System.IO.Hashing": "10.0.9"
        }
      },
      "Castle.Core": {
        "type": "Transitive",
        "resolved": "4.0.0",
        "contentHash": "iLINpMFc07bcb0d075AB0mcXV/MT8J8oyBarDSeyrLM03UoCVOuvYu87LI4511XHfy7XEhHtMDum5gt2s56xDg=="
      },
      "Fare": {
        "type": "Transitive",
        "resolved": "2.1.1",
        "contentHash": "HaI8puqA66YU7/9cK4Sgbs1taUTP1Ssa4QT2PIzqJ7GvAbN1QgkjbRsjH+FSbMh1MJdvS0CIwQNLtFT+KF6KpA==",
        "dependencies": {
          "NETStandard.Library": "1.6.1"
        }
      },
      "Lib.Net.Http.EncryptedContentEncoding": {
        "type": "Transitive",
        "resolved": "2.1.1",
        "contentHash": "n+CuGyBCZ9zLT3p39sab1bSL2FRCoXHXUM/T7jXwZlibOE+mASOqXcKD9LzNjH+VZTdA0mn02EdBww06DzD9IA=="
      },
      "Lib.Net.Http.WebPush": {
        "type": "Transitive",
        "resolved": "3.3.1",
        "contentHash": "5ByiHRcY3lF/4LA7ZbgzBEUmX6oYlPTS1NzXEom3uvT7wFHeZ8Q9DOQcPG6awFqS8yGUuyTvxrHyBzTOwe8Fpg==",
        "dependencies": {
          "Lib.Net.Http.EncryptedContentEncoding": "2.1.1"
        }
      },
      "Microsoft.ApplicationInsights": {
        "type": "Transitive",
        "resolved": "2.23.0",
        "contentHash": "nWArUZTdU7iqZLycLKWe0TDms48KKGE6pONH2terYNa8REXiqixrMOkf1sk5DHGMaUTqONU2YkS4SAXBhLStgw=="
      },
      "Microsoft.Bcl.AsyncInterfaces": {
        "type": "Transitive",
        "resolved": "10.0.9",
        "contentHash": "Aq7M8lG6BrHeatqKqncVm9m55ec34k6nnfPRLe/PvGg+b/pAsRM2ejofeKmCLjTXMa+5NGXm382f8CG/D5WDow=="
      },
      "Microsoft.Bcl.HashCode": {
        "type": "Transitive",
        "resolved": "1.1.0",
        "contentHash": "J2G1k+u5unBV+aYcwxo94ip16Rkp65pgWFb0R6zwJipzWNMgvqlWeuI7/+R+e8bob66LnSG+llLJ+z8wI94cHg=="
      },
      "Microsoft.CodeCoverage": {
        "type": "Transitive",
        "resolved": "18.10.1",
        "contentHash": "tV7tCyp/t+DuwQugLkCeUN7NBFFB4fEGRPr0gkMQ2nQgAvQQjmGlZZi1dsLzbyoe/A0mbnKybmkIh8qhT9p4Zw=="
      },
      "Microsoft.Extensions.DependencyInjection.Abstractions": {
        "type": "Transitive",
        "resolved": "10.0.11",
        "contentHash": "/a1aJz4m7ylhEDf25ugQChLQoN5XwoGjWw/BoR/ZWWKsO1v4DdJElS1uyngahz4B/eOzjFk1KNTkarRLE5wsIg=="
      },
      "Microsoft.Extensions.DependencyModel": {
        "type": "Transitive",
        "resolved": "10.0.0",
        "contentHash": "RFYJR7APio/BiqdQunRq6DB+nDB6nc2qhHr77mlvZ0q0BT8PubMXN7XicmfzCbrDE/dzhBnUKBRXLTcqUiZDGg=="
      },
      "Microsoft.Extensions.Diagnostics.Abstractions": {
        "type": "Transitive",
        "resolved": "10.0.9",
        "contentHash": "86RgyFsmVslW4Nu28IXgt8tLglynGQrwjk/xhGZaTe8j6YIeR1Ywoc42hSHsBSl920CQdfqq2dBohZiGm3AkUA==",
        "dependencies": {
          "Microsoft.Extensions.DependencyInjection.Abstractions": "10.0.9",
          "Microsoft.Extensions.Options": "10.0.9"
        }
      },
      "Microsoft.Extensions.FileProviders.Abstractions": {
        "type": "Transitive",
        "resolved": "10.0.9",
        "contentHash": "Oxn4vqDk+EwceTMpZxVm7L/UZEAM1qIQlNP1+7tBZckD+P4SKrm/5X4gMTPCTdpnau/xY8Sb4/0d6onomSg4ZA==",
        "dependencies": {
          "Microsoft.Extensions.Primitives": "10.0.9"
        }
      },
      "Microsoft.Extensions.Hosting.Abstractions": {
        "type": "Transitive",
        "resolved": "10.0.9",
        "contentHash": "Xd/2F+uWblTiUp+ssaDZN2ea4vmnHmW6PXugmqBHumyhqVkyeh6RJ3S2Zo/F+1bXIL/KuGqe2pKv6UiGOc1KeQ==",
        "dependencies": {
          "Microsoft.Extensions.Configuration.Abstractions": "10.0.9",
          "Microsoft.Extensions.DependencyInjection.Abstractions": "10.0.9",
          "Microsoft.Extensions.Diagnostics.Abstractions": "10.0.9",
          "Microsoft.Extensions.FileProviders.Abstractions": "10.0.9",
          "Microsoft.Extensions.Logging.Abstractions": "10.0.9"
        }
      },
      "Microsoft.Extensions.Logging.Abstractions": {
        "type": "Transitive",
        "resolved": "10.0.9",
        "contentHash": "9S/DFt4cohlMPpzIxjG6kk0L8MuN2vDm9pbMCulxtJzzk82oJHVLBd8vuQxaPskaYQwKqmFmbannf5eoChgjYg==",
        "dependencies": {
          "Microsoft.Extensions.DependencyInjection.Abstractions": "10.0.9"
        }
      },
      "Microsoft.Extensions.Options": {
        "type": "Transitive",
        "resolved": "10.0.9",
        "contentHash": "hyNdX4c2UwkRkzb9byw0H2DQkRzwBM3mzY2sCM9egwzTyg8dvQJmp5noQHGEaaCORQrNK3DD2gREBsc2DlXS4A==",
        "dependencies": {
          "Microsoft.Extensions.DependencyInjection.Abstractions": "10.0.9",
          "Microsoft.Extensions.Primitives": "10.0.9"
        }
      },
      "Microsoft.Extensions.Primitives": {
        "type": "Transitive",
        "resolved": "10.0.12",
        "contentHash": "dYfCLR52UA+3DL7C4I/pvSaRPkNqxrUAQmbFL2u0zvYKKzqgrFCJl08Df+F1aYc8leu9JvpC9bsURUdpExcBXQ=="
      },
      "Microsoft.Identity.Client": {
        "type": "Transitive",
        "resolved": "4.84.2",
        "contentHash": "Va9FjmABSgj/lcUfHH0pBNQkmS7SNyepz2ERV7Yynp6QgEYpFdSqR6Vzy1WWipN8GS5pBHuXoZbqaDWuARCrHQ==",
        "dependencies": {
          "Microsoft.IdentityModel.Abstractions": "8.14.0"
        }
      },
      "Microsoft.Identity.Client.Extensions.Msal": {
        "type": "Transitive",
        "resolved": "4.84.2",
        "contentHash": "+D98LaU3dOu/Nzs6kgbBJapMvH7iwYcAeC99XwSkpmEadsPv6rozecOl9P6m4A3RfpOuPt9e6J6TwwUUp3+M4w==",
        "dependencies": {
          "Microsoft.Identity.Client": "4.84.2",
          "System.Security.Cryptography.ProtectedData": "4.5.0"
        }
      },
      "Microsoft.IdentityModel.Abstractions": {
        "type": "Transitive",
        "resolved": "8.14.0",
        "contentHash": "iwbCpSjD3ehfTwBhtSNEtKPK0ICun6ov7Ibx6ISNA9bfwIyzI2Siwyi9eJFCJBwxowK9xcA1mj+jBWiigeqgcQ=="
      },
      "Microsoft.NETCore.Platforms": {
        "type": "Transitive",
        "resolved": "1.1.0",
        "contentHash": "kz0PEW2lhqygehI/d6XsPCQzD7ff7gUJaVGPVETX611eadGsA3A877GdSlU0LRVMCTH/+P3o2iDTak+S08V2+A=="
      },
      "Microsoft.Testing.Extensions.Telemetry": {
        "type": "Transitive",
        "resolved": "2.4.1",
        "contentHash": "C+bq5ydHrBNCDXjvFtRa1/JcAS2Wq2dpXOnzy/TFYC8qb1dDEgB1XhQayBaYE/5BKviikByHb7mth8P+qJaOJw==",
        "dependencies": {
          "Microsoft.ApplicationInsights": "2.23.0",
          "Microsoft.Testing.Platform": "[2.4.1, 3.0.0)"
        }
      },
      "Microsoft.Testing.Extensions.TrxReport.Abstractions": {
        "type": "Transitive",
        "resolved": "2.4.1",
        "contentHash": "tDxLLic2IfeChbyo8oeGZj/eBdFpPe3Dp80hUoIOefSCqqMHbsob+lX1TfFWV75PJCPouxj2zz0zzPHZxiM4nQ==",
        "dependencies": {
          "Microsoft.Testing.Platform": "[2.4.1, 3.0.0)"
        }
      },
      "Microsoft.Testing.Platform": {
        "type": "Transitive",
        "resolved": "2.4.1",
        "contentHash": "3nW9NyhN1BnHRF994DCOOUQCqVA9pDT+gPpbuhI/xUntZnGnXO4ySovKxFlFuoT/48pnI74LK/DeKVlve1L3VQ=="
      },
      "Microsoft.Testing.Platform.MSBuild": {
        "type": "Transitive",
        "resolved": "2.4.1",
        "contentHash": "K4W2hAATe9wA1xt4oEZWmUsnQqnLD5H18NXKsm81xclf9PI4AHieb3DxJpE/2uA6Xl9DtjpLXif7/9Sn8Y2y7w==",
        "dependencies": {
          "Microsoft.Testing.Platform": "[2.4.1, 3.0.0)"
        }
      },
      "Microsoft.TestPlatform.ObjectModel": {
        "type": "Transitive",
        "resolved": "18.10.1",
        "contentHash": "o+PuLDRVp1iwiVAPBADZItXgm9Ck23XtPhE4kZtZVi0uYnMiiz1Dx9Cjh75kJ+ijfqnORL3VOTOaQVKi0f/ixg=="
      },
      "Microsoft.TestPlatform.TestHost": {
        "type": "Transitive",
        "resolved": "18.10.1",
        "contentHash": "KYz2omqkoz9E2mWa4fdgT+Ycie1wi5968EmyJlusjlp87RxxtA2FvDm8tcBEYIDzLnkWGnsKjE4d13Z7/rxkQA==",
        "dependencies": {
          "Microsoft.TestPlatform.ObjectModel": "18.10.1"
        }
      },
      "Microsoft.Win32.SystemEvents": {
        "type": "Transitive",
        "resolved": "6.0.0",
        "contentHash": "hqTM5628jSsQiv+HGpiq3WKBl2c8v1KZfby2J6Pr7pEPlK9waPdgEO6b8A/+/xn/yZ9ulv8HuqK71ONy2tg67A=="
      },
      "Moq": {
        "type": "Transitive",
        "resolved": "4.7.0",
        "contentHash": "EARB1hiT51yYWHynI+7FWOIZ9Lc3Pf83DlE3yROrgkiQ7xJy3+I52A5yMgvFe9GhOdXmXhBxZKApeOtWTV5MEQ==",
        "dependencies": {
          "Castle.Core": "4.0.0"
        }
      },
      "MSTest.Analyzers": {
        "type": "Transitive",
        "resolved": "4.4.1",
        "contentHash": "Ccu+MKGCRCV2OauQjEIT0XeyP+AtOYyQNuhVI+yPUjJD6RQGi+lOkE8xz+gqe1IK3KiosQy7ZS+022tUTO4K1w=="
      },
      "NETStandard.Library": {
        "type": "Transitive",
        "resolved": "1.6.1",
        "contentHash": "WcSp3+vP+yHNgS8EV5J7pZ9IRpeDuARBPN28by8zqff1wJQXm26PVU8L3/fYLBJVU7BtDyqNVWq2KlCVvSSR4A==",
        "dependencies": {
          "Microsoft.NETCore.Platforms": "1.1.0"
        }
      },
      "Portable.BouncyCastle": {
        "type": "Transitive",
        "resolved": "1.9.0",
        "contentHash": "eZZBCABzVOek+id9Xy04HhmgykF0wZg9wpByzrWN7q8qEI0Qen9b7tfd7w8VA3dOeesumMG7C5ZPy0jk7PSRHw=="
      },
      "System.ClientModel": {
        "type": "Transitive",
        "resolved": "1.14.0",
        "contentHash": "yhIJHDW3Hh5kcvhHv3ww1T8qvya06Nlwo/SR/rke4/fHXtyKiqQV/9b/VDhnVI7QUcMnpfvh4pIEFhNsTDLeKQ==",
        "dependencies": {
          "Microsoft.Extensions.Configuration.Abstractions": "10.0.3",
          "Microsoft.Extensions.Hosting.Abstractions": "10.0.3",
          "Microsoft.Extensions.Logging.Abstractions": "10.0.3",
          "System.Memory.Data": "10.0.3"
        }
      },
      "System.Configuration.ConfigurationManager": {
        "type": "Transitive",
        "resolved": "6.0.0",
        "contentHash": "7T+m0kDSlIPTHIkPMIu6m6tV6qsMqJpvQWW2jIc2qi7sn40qxFo0q+7mEQAhMPXZHMKnWrnv47ntGlM/ejvw3g==",
        "dependencies": {
          "System.Security.Cryptography.ProtectedData": "6.0.0",
          "System.Security.Permissions": "6.0.0"
        }
      },
      "System.Drawing.Common": {
        "type": "Transitive",
        "resolved": "6.0.0",
        "contentHash": "NfuoKUiP2nUWwKZN6twGqXioIe1zVD0RIj2t976A+czLHr2nY454RwwXs6JU9Htc6mwqL6Dn/nEL3dpVf2jOhg==",
        "dependencies": {
          "Microsoft.Win32.SystemEvents": "6.0.0"
        }
      },
      "System.IO.Hashing": {
        "type": "Transitive",
        "resolved": "10.0.9",
        "contentHash": "vixglGnKEexAJDeIRhyayZYzxyrgK1K9GU3K/zRZVwDbaDcMkSqj4WDHoVmQMNfsdUtLALfNSJw6mBIpdxie4A=="
      },
      "System.Memory.Data": {
        "type": "Transitive",
        "resolved": "10.0.9",
        "contentHash": "YweovHiLUoEdbr2Xv8eRqCSkTu1vMms4a6xBHaQiMSFVy32PL+hXv6Vhol2NWOmLHjaVgTyhJ3R52U6JxS6w3Q=="
      },
      "System.Security.Cryptography.ProtectedData": {
        "type": "Transitive",
        "resolved": "6.0.0",
        "contentHash": "rp1gMNEZpvx9vP0JW0oHLxlf8oSiQgtno77Y4PLUBjSiDYoD77Y8uXHr1Ea5XG4/pIKhqAdxZ8v8OTUtqo9PeQ=="
      },
      "System.Security.Permissions": {
        "type": "Transitive",
        "resolved": "6.0.0",
        "contentHash": "T/uuc7AklkDoxmcJ7LGkyX1CcSviZuLCa4jg3PekfJ7SU0niF0IVTXwUiNVP9DSpzou2PpxJ+eNY2IfDM90ZCg==",
        "dependencies": {
          "System.Windows.Extensions": "6.0.0"
        }
      },
      "System.Windows.Extensions": {
        "type": "Transitive",
        "resolved": "6.0.0",
        "contentHash": "IXoJOXIqc39AIe+CIR7koBtRGMiCt/LPM3lI+PELtDIy9XdyeSrwXFdWV9dzJ2Awl0paLWUaknLxFQ5HpHZUog==",
        "dependencies": {
          "System.Drawing.Common": "6.0.0"
        }
      },
      "ms.account.push.subscription.core": {
        "type": "Project",
        "dependencies": {
          "Microsoft.Extensions.DependencyInjection": "[10.0.11, )",
          "Scrutor": "[7.0.0, )",
          "ms.account.push.subscription.domain": "[1.0.0, )"
        }
      },
      "ms.account.push.subscription.domain": {
        "type": "Project"
      },
      "ms.account.push.subscription.infrastructure": {
        "type": "Project",
        "dependencies": {
          "Azure.Identity": "[1.21.0, )",
          "Azure.Storage.Queues": "[12.28.0, )",
          "Lib.AspNetCore.WebPush": "[2.2.2, )",
          "Microsoft.Azure.Cosmos": "[3.63.2, )",
          "Microsoft.Extensions.Configuration.Abstractions": "[10.0.12, )",
          "Newtonsoft.Json": "[13.0.4, )",
          "WebPush": "[1.0.13, )",
          "ms.account.push.subscription.core": "[1.0.0, )"
        }
      },
      "Azure.Identity": {
        "type": "CentralTransitive",
        "requested": "[1.21.0, )",
        "resolved": "1.21.0",
        "contentHash": "GeFv8sGwRKvDKwI2WFy8r0mhmlxEVZg24Sit2NogTjiSO8RVjllWM65OT6e1sKjOvG8V74y7hAbaELUUPjZQSw==",
        "dependencies": {
          "Azure.Core": "1.53.0"
        }
      },
      "Azure.Storage.Queues": {
        "type": "CentralTransitive",
        "requested": "[12.28.0, )",
        "resolved": "12.28.0",
        "contentHash": "1316Rn7eXU+m63McxZ+9E7Y4Ad7uHFr/Dom+CGXS4c+Pcv3arr7N9YKBQny4AFcDkmn7lQLKHagI8GzzOe3xnA==",
        "dependencies": {
          "Azure.Core": "1.60.0",
          "Azure.Storage.Common": "12.29.0"
        }
      },
      "Lib.AspNetCore.WebPush": {
        "type": "CentralTransitive",
        "requested": "[2.2.2, )",
        "resolved": "2.2.2",
        "contentHash": "T4YkqdFJ+eXE8wR7JxA8rmLnUe7D0q+kfQT5UPNkgbF1jGie/bMSajP95QszyDyLed6zxnIFKl+01p0PD6zIdA==",
        "dependencies": {
          "Lib.Net.Http.WebPush": "3.3.1"
        }
      },
      "Microsoft.Azure.Cosmos": {
        "type": "CentralTransitive",
        "requested": "[3.63.2, )",
        "resolved": "3.63.2",
        "contentHash": "7XOKbtu3ghboTMNeIOtY6ULY7Re2xNdhZuyOnWDvA1ye9xnQF8I+4A/rwJdm59wlO1AN0CF2gUBEYSU2208sBA==",
        "dependencies": {
          "Azure.Core": "1.44.1",
          "Microsoft.Bcl.AsyncInterfaces": "6.0.0",
          "Microsoft.Bcl.HashCode": "1.1.0",
          "System.Configuration.ConfigurationManager": "6.0.0"
        }
      },
      "Microsoft.Extensions.Configuration.Abstractions": {
        "type": "CentralTransitive",
        "requested": "[10.0.12, )",
        "resolved": "10.0.12",
        "contentHash": "8xaGcvS/qZ1otoxPQCEJkNva389CVL/plNcvIETZhQTETYdRkYDPEYhUMoAGONo4FU45ufdfE0j29AfWVVj0wA==",
        "dependencies": {
          "Microsoft.Extensions.Primitives": "10.0.12"
        }
      },
      "Microsoft.Extensions.DependencyInjection": {
        "type": "CentralTransitive",
        "requested": "[10.0.11, )",
        "resolved": "10.0.11",
        "contentHash": "PSmotV19c7E3lKed++uYo1kSiXFI+uTl37CBSrhq+CfLC3FCHjG7R91+xPnNehQfHS1b0Tzo/CCLPWH3qaEheg==",
        "dependencies": {
          "Microsoft.Extensions.DependencyInjection.Abstractions": "10.0.11"
        }
      },
      "Newtonsoft.Json": {
        "type": "CentralTransitive",
        "requested": "[13.0.4, )",
        "resolved": "13.0.4",
        "contentHash": "pdgNNMai3zv51W5aq268sujXUyx7SNdE2bj1wZcWjAQrKMFZV260lbqYop1d2GM67JI1huLRwxo9ZqnfF/lC6A=="
      },
      "Scrutor": {
        "type": "CentralTransitive",
        "requested": "[7.0.0, )",
        "resolved": "7.0.0",
        "contentHash": "wHWaroody48jnlLoq/REwUltIFLxplXyHTP+sttrc8P7+jkiVqf38afDidJNv4qgD/6zz2NKOYg06xLZ1bG7wQ==",
        "dependencies": {
          "Microsoft.Extensions.DependencyInjection.Abstractions": "10.0.0",
          "Microsoft.Extensions.DependencyModel": "10.0.0"
        }
      },
      "WebPush": {
        "type": "CentralTransitive",
        "requested": "[1.0.13, )",
        "resolved": "1.0.13",
        "contentHash": "Qyypsk6j+GqncCa/IgbmZLnL7DxqKFGz3jIdquGSLeiD3NtN+HPnIFBMwIJHffDU9ZEztTkaMMYxvW3PJxJL7Q==",
        "dependencies": {
          "Portable.BouncyCastle": "1.9.0"
        }
      }
    }
  }
}