
Microsoft Visual Studio Solution File, Format Version 12.00
# Visual Studio 15
VisualStudioVersion = 15.0.28010.2046
MinimumVisualStudioVersion = 10.0.40219.1
Project("{9A19103F-16F7-4668-BE54-9A1E7A4F7556}") = "MSAccountPushSubscription", "MSAccountPushSubscription\MSAccountPushSubscription.csproj", "{D9BD21B1-7DA7-4BC5-8C49-105B85ED1BBE}"
EndProject
Project("{FAE04EC0-301F-11D3-BF4B-00C04F79EFBC}") = "MSAccountPushSubscription.Tests", "MSAccountPushSubscription.Tests\MSAccountPushSubscription.Tests.csproj", "{A5F0EF98-C3F1-496D-8601-0F1C2B6384D7}"
EndProject
Global
	GlobalSection(SolutionConfigurationPlatforms) = preSolution
		Debug|Any CPU = Debug|Any CPU
		Release|Any CPU = Release|Any CPU
	EndGlobalSection
	GlobalSection(ProjectConfigurationPlatforms) = postSolution
		{D9BD21B1-7DA7-4BC5-8C49-105B85ED1BBE}.Debug|Any CPU.ActiveCfg = Debug|Any CPU
		{D9BD21B1-7DA7-4BC5-8C49-105B85ED1BBE}.Debug|Any CPU.Build.0 = Debug|Any CPU
		{D9BD21B1-7DA7-4BC5-8C49-105B85ED1BBE}.Release|Any CPU.ActiveCfg = Release|Any CPU
		{D9BD21B1-7DA7-4BC5-8C49-105B85ED1BBE}.Release|Any CPU.Build.0 = Release|Any CPU
		{A5F0EF98-C3F1-496D-8601-0F1C2B6384D7}.Debug|Any CPU.ActiveCfg = Debug|Any CPU
		{A5F0EF98-C3F1-496D-8601-0F1C2B6384D7}.Debug|Any CPU.Build.0 = Debug|Any CPU
		{A5F0EF98-C3F1-496D-8601-0F1C2B6384D7}.Release|Any CPU.ActiveCfg = Release|Any CPU
		{A5F0EF98-C3F1-496D-8601-0F1C2B6384D7}.Release|Any CPU.Build.0 = Release|Any CPU
	EndGlobalSection
	GlobalSection(SolutionProperties) = preSolution
		HideSolutionNode = FALSE
	EndGlobalSection
	GlobalSection(ExtensibilityGlobals) = postSolution
		SolutionGuid = {60096A4A-1720-44E5-A9BF-23C9E04D5408}
	EndGlobalSection
EndGlobal
